// !$*UTF8*$!
{
	archiveVersion = 1;
	classes = {
	};
	objectVersion = 46;
	objects = {

/* Begin PBXBuildFile section */
		9A40A88EA6E40366BC361085 /* libPods-Locker.a in Frameworks */ = {isa = PBXBuildFile; fileRef = 2E9250C842A4D4D1B956ADFB /* libPods-Locker.a */; };
		E15E27A81EAB54DC00513497 /* AppDelegate.swift in Sources */ = {isa = PBXBuildFile; fileRef = E15E27A71EAB54DC00513497 /* AppDelegate.swift */; };
		E15E27AA1EAB54DC00513497 /* ViewController.swift in Sources */ = {isa = PBXBuildFile; fileRef = E15E27A91EAB54DC00513497 /* ViewController.swift */; };
		E15E27AC1EAB54DC00513497 /* Assets.xcassets in Resources */ = {isa = PBXBuildFile; fileRef = E15E27AB1EAB54DC00513497 /* Assets.xcassets */; };
		E15E27AF1EAB54DD00513497 /* Main.storyboard in Resources */ = {isa = PBXBuildFile; fileRef = E15E27AD1EAB54DD00513497 /* Main.storyboard */; };
		E1DF81801EAB996300BF55FC /* Podfile in Resources */ = {isa = PBXBuildFile; fileRef = E1DF817F1EAB996300BF55FC /* Podfile */; };
		E1E7EDD91EABA892009DD480 /* libORSSerialPort.a in Frameworks */ = {isa = PBXBuildFile; fileRef = E1E7EDD81EABA892009DD480 /* libORSSerialPort.a */; };
		E1E7EDDD1EABE090009DD480 /* GoogleService-Info.plist in Resources */ = {isa = PBXBuildFile; fileRef = E1E7EDDC1EABE090009DD480 /* GoogleService-Info.plist */; };
		E1E7EDDF1EABE2BE009DD480 /* libFirebaseOSX.a in Frameworks */ = {isa = PBXBuildFile; fileRef = E1E7EDDE1EABE2BE009DD480 /* libFirebaseOSX.a */; };
/* End PBXBuildFile section */

/* Begin PBXFileReference section */
		2E9250C842A4D4D1B956ADFB /* libPods-Locker.a */ = {isa = PBXFileReference; explicitFileType = archive.ar; includeInIndex = 0; path = "libPods-Locker.a"; sourceTree = BUILT_PRODUCTS_DIR; };
		61CA9E707EA04AE8B530D5C5 /* Pods-Locker.release.xcconfig */ = {isa = PBXFileReference; includeInIndex = 1; lastKnownFileType = text.xcconfig; name = "Pods-Locker.release.xcconfig"; path = "Pods/Target Support Files/Pods-Locker/Pods-Locker.release.xcconfig"; sourceTree = "<group>"; };
		E15E27A41EAB54DC00513497 /* Locker.app */ = {isa = PBXFileReference; explicitFileType = wrapper.application; includeInIndex = 0; path = Locker.app; sourceTree = BUILT_PRODUCTS_DIR; };
		E15E27A71EAB54DC00513497 /* AppDelegate.swift */ = {isa = PBXFileReference; lastKnownFileType = sourcecode.swift; path = AppDelegate.swift; sourceTree = "<group>"; };
		E15E27A91EAB54DC00513497 /* ViewController.swift */ = {isa = PBXFileReference; lastKnownFileType = sourcecode.swift; path = ViewController.swift; sourceTree = "<group>"; };
		E15E27AB1EAB54DC00513497 /* Assets.xcassets */ = {isa = PBXFileReference; lastKnownFileType = folder.assetcatalog; path = Assets.xcassets; sourceTree = "<group>"; };
		E15E27AE1EAB54DD00513497 /* Base */ = {isa = PBXFileReference; lastKnownFileType = file.storyboard; name = Base; path = Base.lproj/Main.storyboard; sourceTree = "<group>"; };
		E15E27B01EAB54DD00513497 /* Info.plist */ = {isa = PBXFileReference; lastKnownFileType = text.plist.xml; path = Info.plist; sourceTree = "<group>"; };
		E1DF817F1EAB996300BF55FC /* Podfile */ = {isa = PBXFileReference; fileEncoding = 4; lastKnownFileType = text; path = Podfile; sourceTree = "<group>"; xcLanguageSpecificationIdentifier = xcode.lang.ruby; };
		E1E7EDD81EABA892009DD480 /* libORSSerialPort.a */ = {isa = PBXFileReference; lastKnownFileType = archive.ar; name = libORSSerialPort.a; path = "../../../Library/Developer/Xcode/DerivedData/Locker-cgofhepbgsfrtuecwpqywbfutreb/Build/Products/Debug/ORSSerialPort/libORSSerialPort.a"; sourceTree = "<group>"; };
		E1E7EDDB1EABABD5009DD480 /* SwiftSerial-Bridging-Header.h */ = {isa = PBXFileReference; lastKnownFileType = sourcecode.c.h; path = "SwiftSerial-Bridging-Header.h"; sourceTree = "<group>"; };
		E1E7EDDC1EABE090009DD480 /* GoogleService-Info.plist */ = {isa = PBXFileReference; fileEncoding = 4; lastKnownFileType = text.plist.xml; path = "GoogleService-Info.plist"; sourceTree = "<group>"; };
		E1E7EDDE1EABE2BE009DD480 /* libFirebaseOSX.a */ = {isa = PBXFileReference; lastKnownFileType = archive.ar; name = libFirebaseOSX.a; path = "../../../Library/Developer/Xcode/DerivedData/Locker-cgofhepbgsfrtuecwpqywbfutreb/Build/Products/Debug/FirebaseOSX/libFirebaseOSX.a"; sourceTree = "<group>"; };
		E7A78B1B4A4E2DEC410E1AC8 /* Pods-Locker.debug.xcconfig */ = {isa = PBXFileReference; includeInIndex = 1; lastKnownFileType = text.xcconfig; name = "Pods-Locker.debug.xcconfig"; path = "Pods/Target Support Files/Pods-Locker/Pods-Locker.debug.xcconfig"; sourceTree = "<group>"; };
/* End PBXFileReference section */

/* Begin PBXFrameworksBuildPhase section */
		E15E27A11EAB54DC00513497 /* Frameworks */ = {
			isa = PBXFrameworksBuildPhase;
			buildActionMask = 2147483647;
			files = (
				E1E7EDDF1EABE2BE009DD480 /* libFirebaseOSX.a in Frameworks */,
				E1E7EDD91EABA892009DD480 /* libORSSerialPort.a in Frameworks */,
				9A40A88EA6E40366BC361085 /* libPods-Locker.a in Frameworks */,
			);
			runOnlyForDeploymentPostprocessing = 0;
		};
/* End PBXFrameworksBuildPhase section */

/* Begin PBXGroup section */
		E15E279B1EAB54DC00513497 = {
			isa = PBXGroup;
			children = (
				E1DF817F1EAB996300BF55FC /* Podfile */,
				E15E27A61EAB54DC00513497 /* Locker */,
				E15E27A51EAB54DC00513497 /* Products */,
				FC7BB6FB85AF4B064ACB7A18 /* Pods */,
				EDE0BEEA4C3781F97520E4CB /* Frameworks */,
			);
			sourceTree = "<group>";
		};
		E15E27A51EAB54DC00513497 /* Products */ = {
			isa = PBXGroup;
			children = (
				E15E27A41EAB54DC00513497 /* Locker.app */,
			);
			name = Products;
			sourceTree = "<group>";
		};
		E15E27A61EAB54DC00513497 /* Locker */ = {
			isa = PBXGroup;
			children = (
				E15E27A71EAB54DC00513497 /* AppDelegate.swift */,
				E15E27A91EAB54DC00513497 /* ViewController.swift */,
				E15E27AB1EAB54DC00513497 /* Assets.xcassets */,
				E15E27AD1EAB54DD00513497 /* Main.storyboard */,
				E15E27B01EAB54DD00513497 /* Info.plist */,
				E1E7EDDC1EABE090009DD480 /* GoogleService-Info.plist */,
				E1E7EDDB1EABABD5009DD480 /* SwiftSerial-Bridging-Header.h */,
			);
			path = Locker;
			sourceTree = "<group>";
		};
		EDE0BEEA4C3781F97520E4CB /* Frameworks */ = {
			isa = PBXGroup;
			children = (
				E1E7EDDE1EABE2BE009DD480 /* libFirebaseOSX.a */,
				E1E7EDD81EABA892009DD480 /* libORSSerialPort.a */,
				2E9250C842A4D4D1B956ADFB /* libPods-Locker.a */,
			);
			name = Frameworks;
			sourceTree = "<group>";
		};
		FC7BB6FB85AF4B064ACB7A18 /* Pods */ = {
			isa = PBXGroup;
			children = (
				E7A78B1B4A4E2DEC410E1AC8 /* Pods-Locker.debug.xcconfig */,
				61CA9E707EA04AE8B530D5C5 /* Pods-Locker.release.xcconfig */,
			);
			name = Pods;
			sourceTree = "<group>";
		};
/* End PBXGroup section */

/* Begin PBXNativeTarget section */
		E15E27A31EAB54DC00513497 /* Locker */ = {
			isa = PBXNativeTarget;
			buildConfigurationList = E15E27B31EAB54DD00513497 /* Build configuration list for PBXNativeTarget "Locker" */;
			buildPhases = (
				0DF8A0CA46A23D1A1CC66579 /* [CP] Check Pods Manifest.lock */,
				E15E27A01EAB54DC00513497 /* Sources */,
				E15E27A11EAB54DC00513497 /* Frameworks */,
				E15E27A21EAB54DC00513497 /* Resources */,
				0F070C9A3C91E0E1BAEA709D /* [CP] Embed Pods Frameworks */,
				ACA6BB53927381DB3A4C8CEE /* [CP] Copy Pods Resources */,
			);
			buildRules = (
			);
			dependencies = (
			);
			name = Locker;
			productName = Locker;
			productReference = E15E27A41EAB54DC00513497 /* Locker.app */;
			productType = "com.apple.product-type.application";
		};
/* End PBXNativeTarget section */

/* Begin PBXProject section */
		E15E279C1EAB54DC00513497 /* Project object */ = {
			isa = PBXProject;
			attributes = {
				LastSwiftUpdateCheck = 0830;
				LastUpgradeCheck = 0830;
				ORGANIZATIONNAME = "Bhuridech Sudsee";
				TargetAttributes = {
					E15E27A31EAB54DC00513497 = {
						CreatedOnToolsVersion = 8.3.2;
						DevelopmentTeam = V557P27AM6;
						ProvisioningStyle = Automatic;
					};
				};
			};
			buildConfigurationList = E15E279F1EAB54DC00513497 /* Build configuration list for PBXProject "Locker" */;
			compatibilityVersion = "Xcode 3.2";
			developmentRegion = English;
			hasScannedForEncodings = 0;
			knownRegions = (
				en,
				Base,
			);
			mainGroup = E15E279B1EAB54DC00513497;
			productRefGroup = E15E27A51EAB54DC00513497 /* Products */;
			projectDirPath = "";
			projectRoot = "";
			targets = (
				E15E27A31EAB54DC00513497 /* Locker */,
			);
		};
/* End PBXProject section */

/* Begin PBXResourcesBuildPhase section */
		E15E27A21EAB54DC00513497 /* Resources */ = {
			isa = PBXResourcesBuildPhase;
			buildActionMask = 2147483647;
			files = (
				E1DF81801EAB996300BF55FC /* Podfile in Resources */,
				E1E7EDDD1EABE090009DD480 /* GoogleService-Info.plist in Resources */,
				E15E27AC1EAB54DC00513497 /* Assets.xcassets in Resources */,
				E15E27AF1EAB54DD00513497 /* Main.storyboard in Resources */,
			);
			runOnlyForDeploymentPostprocessing = 0;
		};
/* End PBXResourcesBuildPhase section */

/* Begin PBXShellScriptBuildPhase section */
		0DF8A0CA46A23D1A1CC66579 /* [CP] Check Pods Manifest.lock */ = {
			isa = PBXShellScriptBuildPhase;
			buildActionMask = 2147483647;
			files = (
			);
			inputPaths = (
			);
			name = "[CP] Check Pods Manifest.lock";
			outputPaths = (
			);
			runOnlyForDeploymentPostprocessing = 0;
			shellPath = /bin/sh;
			shellScript = "diff \"${PODS_PODFILE_DIR_PATH}/Podfile.lock\" \"${PODS_ROOT}/Manifest.lock\" > /dev/null\nif [ $? != 0 ] ; then\n    # print error to STDERR\n    echo \"error: The sandbox is not in sync with the Podfile.lock. Run 'pod install' or update your CocoaPods installation.\" >&2\n    exit 1\nfi\n";
			showEnvVarsInLog = 0;
		};
		0F070C9A3C91E0E1BAEA709D /* [CP] Embed Pods Frameworks */ = {
			isa = PBXShellScriptBuildPhase;
			buildActionMask = 2147483647;
			files = (
			);
			inputPaths = (
			);
			name = "[CP] Embed Pods Frameworks";
			outputPaths = (
			);
			runOnlyForDeploymentPostprocessing = 0;
			shellPath = /bin/sh;
			shellScript = "\"${SRCROOT}/Pods/Target Support Files/Pods-Locker/Pods-Locker-frameworks.sh\"\n";
			showEnvVarsInLog = 0;
		};
		ACA6BB53927381DB3A4C8CEE /* [CP] Copy Pods Resources */ = {
			isa = PBXShellScriptBuildPhase;
			buildActionMask = 2147483647;
			files = (
			);
			inputPaths = (
			);
			name = "[CP] Copy Pods Resources";
			outputPaths = (
			);
			runOnlyForDeploymentPostprocessing = 0;
			shellPath = /bin/sh;
			shellScript = "\"${SRCROOT}/Pods/Target Support Files/Pods-Locker/Pods-Locker-resources.sh\"\n";
			showEnvVarsInLog = 0;
		};
/* End PBXShellScriptBuildPhase section */

/* Begin PBXSourcesBuildPhase section */
		E15E27A01EAB54DC00513497 /* Sources */ = {
			isa = PBXSourcesBuildPhase;
			buildActionMask = 2147483647;
			files = (
				E15E27AA1EAB54DC00513497 /* ViewController.swift in Sources */,
				E15E27A81EAB54DC00513497 /* AppDelegate.swift in Sources */,
			);
			runOnlyForDeploymentPostprocessing = 0;
		};
/* End PBXSourcesBuildPhase section */

/* Begin PBXVariantGroup section */
		E15E27AD1EAB54DD00513497 /* Main.storyboard */ = {
			isa = PBXVariantGroup;
			children = (
				E15E27AE1EAB54DD00513497 /* Base */,
			);
			name = Main.storyboard;
			sourceTree = "<group>";
		};
/* End PBXVariantGroup section */

/* Begin XCBuildConfiguration section */
		E15E27B11EAB54DD00513497 /* Debug */ = {
			isa = XCBuildConfiguration;
			buildSettings = {
				ALWAYS_SEARCH_USER_PATHS = NO;
				CLANG_ANALYZER_NONNULL = YES;
				CLANG_ANALYZER_NUMBER_OBJECT_CONVERSION = YES_AGGRESSIVE;
				CLANG_CXX_LANGUAGE_STANDARD = "gnu++0x";
				CLANG_CXX_LIBRARY = "libc++";
				CLANG_ENABLE_MODULES = YES;
				CLANG_ENABLE_OBJC_ARC = YES;
				CLANG_WARN_BOOL_CONVERSION = YES;
				CLANG_WARN_CONSTANT_CONVERSION = YES;
				CLANG_WARN_DIRECT_OBJC_ISA_USAGE = YES_ERROR;
				CLANG_WARN_DOCUMENTATION_COMMENTS = YES;
				CLANG_WARN_EMPTY_BODY = YES;
				CLANG_WARN_ENUM_CONVERSION = YES;
				CLANG_WARN_INFINITE_RECURSION = YES;
				CLANG_WARN_INT_CONVERSION = YES;
				CLANG_WARN_OBJC_ROOT_CLASS = YES_ERROR;
				CLANG_WARN_SUSPICIOUS_MOVE = YES;
				CLANG_WARN_UNREACHABLE_CODE = YES;
				CLANG_WARN__DUPLICATE_METHOD_MATCH = YES;
				CODE_SIGN_IDENTITY = "-";
				COPY_PHASE_STRIP = NO;
				DEBUG_INFORMATION_FORMAT = dwarf;
				ENABLE_STRICT_OBJC_MSGSEND = YES;
				ENABLE_TESTABILITY = YES;
				GCC_C_LANGUAGE_STANDARD = gnu99;
				GCC_DYNAMIC_NO_PIC = NO;
				GCC_NO_COMMON_BLOCKS = YES;
				GCC_OPTIMIZATION_LEVEL = 0;
				GCC_PREPROCESSOR_DEFINITIONS = (
					"DEBUG=1",
					"$(inherited)",
				);
				GCC_WARN_64_TO_32_BIT_CONVERSION = YES;
				GCC_WARN_ABOUT_RETURN_TYPE = YES_ERROR;
				GCC_WARN_UNDECLARED_SELECTOR = YES;
				GCC_WARN_UNINITIALIZED_AUTOS = YES_AGGRESSIVE;
				GCC_WARN_UNUSED_FUNCTION = YES;
				GCC_WARN_UNUSED_VARIABLE = YES;
				MACOSX_DEPLOYMENT_TARGET = 10.12;
				MTL_ENABLE_DEBUG_INFO = YES;
				ONLY_ACTIVE_ARCH = YES;
				SDKROOT = macosx;
				SWIFT_ACTIVE_COMPILATION_CONDITIONS = DEBUG;
				SWIFT_OPTIMIZATION_LEVEL = "-Onone";
			};
			name = Debug;
		};
		E15E27B21EAB54DD00513497 /* Release */ = {
			isa = XCBuildConfiguration;
			buildSettings = {
				ALWAYS_SEARCH_USER_PATHS = NO;
				CLANG_ANALYZER_NONNULL = YES;
				CLANG_ANALYZER_NUMBER_OBJECT_CONVERSION = YES_AGGRESSIVE;
				CLANG_CXX_LANGUAGE_STANDARD = "gnu++0x";
				CLANG_CXX_LIBRARY = "libc++";
				CLANG_ENABLE_MODULES = YES;
				CLANG_ENABLE_OBJC_ARC = YES;
				CLANG_WARN_BOOL_CONVERSION = YES;
				CLANG_WARN_CONSTANT_CONVERSION = YES;
				CLANG_WARN_DIRECT_OBJC_ISA_USAGE = YES_ERROR;
				CLANG_WARN_DOCUMENTATION_COMMENTS = YES;
				CLANG_WARN_EMPTY_BODY = YES;
				CLANG_WARN_ENUM_CONVERSION = YES;
				CLANG_WARN_INFINITE_RECURSION = YES;
				CLANG_WARN_INT_CONVERSION = YES;
				CLANG_WARN_OBJC_ROOT_CLASS = YES_ERROR;
				CLANG_WARN_SUSPICIOUS_MOVE = YES;
				CLANG_WARN_UNREACHABLE_CODE = YES;
				CLANG_WARN__DUPLICATE_METHOD_MATCH = YES;
				CODE_SIGN_IDENTITY = "-";
				COPY_PHASE_STRIP = NO;
				DEBUG_INFORMATION_FORMAT = "dwarf-with-dsym";
				ENABLE_NS_ASSERTIONS = NO;
				ENABLE_STRICT_OBJC_MSGSEND = YES;
				GCC_C_LANGUAGE_STANDARD = gnu99;
				GCC_NO_COMMON_BLOCKS = YES;
				GCC_WARN_64_TO_32_BIT_CONVERSION = YES;
				GCC_WARN_ABOUT_RETURN_TYPE = YES_ERROR;
				GCC_WARN_UNDECLARED_SELECTOR = YES;
				GCC_WARN_UNINITIALIZED_AUTOS = YES_AGGRESSIVE;
				GCC_WARN_UNUSED_FUNCTION = YES;
				GCC_WARN_UNUSED_VARIABLE = YES;
				MACOSX_DEPLOYMENT_TARGET = 10.12;
				MTL_ENABLE_DEBUG_INFO = NO;
				SDKROOT = macosx;
				SWIFT_OPTIMIZATION_LEVEL = "-Owholemodule";
			};
			name = Release;
		};
		E15E27B41EAB54DD00513497 /* Debug */ = {
			isa = XCBuildConfiguration;
			baseConfigurationReference = E7A78B1B4A4E2DEC410E1AC8 /* Pods-Locker.debug.xcconfig */;
			buildSettings = {
				ASSETCATALOG_COMPILER_APPICON_NAME = AppIcon;
				COMBINE_HIDPI_IMAGES = YES;
				DEVELOPMENT_TEAM = V557P27AM6;
				INFOPLIST_FILE = Locker/Info.plist;
				LD_RUNPATH_SEARCH_PATHS = "$(inherited) @executable_path/../Frameworks";
				PRODUCT_BUNDLE_IDENTIFIER = com.aorjoa.Locker;
				PRODUCT_NAME = "$(TARGET_NAME)";
				SWIFT_OBJC_BRIDGING_HEADER = "Locker/SwiftSerial-Bridging-Header.h";
				SWIFT_VERSION = 3.0;
			};
			name = Debug;
		};
		E15E27B51EAB54DD00513497 /* Release */ = {
			isa = XCBuildConfiguration;
			baseConfigurationReference = 61CA9E707EA04AE8B530D5C5 /* Pods-Locker.release.xcconfig */;
			buildSettings = {
				ASSETCATALOG_COMPILER_APPICON_NAME = AppIcon;
				COMBINE_HIDPI_IMAGES = YES;
				DEVELOPMENT_TEAM = V557P27AM6;
				INFOPLIST_FILE = Locker/Info.plist;
				LD_RUNPATH_SEARCH_PATHS = "$(inherited) @executable_path/../Frameworks";
				PRODUCT_BUNDLE_IDENTIFIER = com.aorjoa.Locker;
				PRODUCT_NAME = "$(TARGET_NAME)";
				SWIFT_OBJC_BRIDGING_HEADER = "Locker/SwiftSerial-Bridging-Header.h";
				SWIFT_VERSION = 3.0;
			};
			name = Release;
		};
/* End XCBuildConfiguration section */

/* Begin XCConfigurationList section */
		E15E279F1EAB54DC00513497 /* Build configuration list for PBXProject "Locker" */ = {
			isa = XCConfigurationList;
			buildConfigurations = (
				E15E27B11EAB54DD00513497 /* Debug */,
				E15E27B21EAB54DD00513497 /* Release */,
			);
			defaultConfigurationIsVisible = 0;
			defaultConfigurationName = Release;
		};
		E15E27B31EAB54DD00513497 /* Build configuration list for PBXNativeTarget "Locker" */ = {
			isa = XCConfigurationList;
			buildConfigurations = (
				E15E27B41EAB54DD00513497 /* Debug */,
				E15E27B51EAB54DD00513497 /* Release */,
			);
			defaultConfigurationIsVisible = 0;
			defaultConfigurationName = Release;
		};
/* End XCConfigurationList section */
	};
	rootObject = E15E279C1EAB54DC00513497 /* Project object */;
}
